
Microsoft Visual Studio Solution File, Format Version 12.00
# Visual Studio Version 16
VisualStudioVersion = 16.0.31112.23
MinimumVisualStudioVersion = 10.0.40219.1
Project("{9A19103F-16F7-4668-BE54-9A1E7A4F7556}") = "TradingTools.Api", "src\TradingTools.Api\TradingTools.Api.csproj", "{E0889C6E-35B4-4C84-9F21-20742B3C17E9}"
EndProject
Project("{9A19103F-16F7-4668-BE54-9A1E7A4F7556}") = "TradingTools.MathLib", "src\TradingTools.Math\TradingTools.MathLib.csproj", "{CCABEC3A-5AC3-4E36-A2F0-07FA598E85E0}"
EndProject
Project("{9A19103F-16F7-4668-BE54-9A1E7A4F7556}") = "TradingTools.MathLibTests", "tests\TradingTools.MathLibTests\TradingTools.MathLibTests.csproj", "{07E37799-6FB7-4574-BEC3-9A54B4EFA519}"
EndProject
Project("{9A19103F-16F7-4668-BE54-9A1E7A4F7556}") = "TradingTools.Db", "TradingTools.Db\TradingTools.Db.csproj", "{6D819F68-01CF-4BEF-8BA8-31FED615C1E8}"
EndProject
Project("{9A19103F-16F7-4668-BE54-9A1E7A4F7556}") = "TradingTools.ExchangeServices", "TradingTools.Services\TradingTools.ExchangeServices.csproj", "{99689C18-F65C-4623-B777-BF2DA41541B8}"
EndProject
Project("{9A19103F-16F7-4668-BE54-9A1E7A4F7556}") = "TradingTools.Shared", "TradingTools.Shared\TradingTools.Shared.csproj", "{AFD12CD2-BCE8-4B6D-88CC-50B35D040431}"
EndProject
Project("{9A19103F-16F7-4668-BE54-9A1E7A4F7556}") = "TradingTools.TestConsole", "TradingTools.TestConsole\TradingTools.TestConsole.csproj", "{3BD4BC8A-1321-4346-9170-D89021311C06}"
EndProject
Project("{9A19103F-16F7-4668-BE54-9A1E7A4F7556}") = "TradingTools.Web", "TradingTools.Web\TradingTools.Web.csproj", "{C04A1361-B4F6-423B-9858-DE70268771A1}"
EndProject
Project("{9A19103F-16F7-4668-BE54-9A1E7A4F7556}") = "TradingTools.Persistence", "TradingTools.Persistence\TradingTools.Persistence.csproj", "{70D531CB-D4CD-47C6-829F-217175216072}"
EndProject
Project("{9A19103F-16F7-4668-BE54-9A1E7A4F7556}") = "TradingTools.Core", "src\TradingTools.Core\TradingTools.Core.csproj", "{D6528FA5-1B9B-4806-AEAE-DBFAB3EB7B49}"
EndProject
Global
	GlobalSection(SolutionConfigurationPlatforms) = preSolution
		Debug|Any CPU = Debug|Any CPU
		Release|Any CPU = Release|Any CPU
	EndGlobalSection
	GlobalSection(ProjectConfigurationPlatforms) = postSolution
		{E0889C6E-35B4-4C84-9F21-20742B3C17E9}.Debug|Any CPU.ActiveCfg = Debug|Any CPU
		{E0889C6E-35B4-4C84-9F21-20742B3C17E9}.Debug|Any CPU.Build.0 = Debug|Any CPU
		{E0889C6E-35B4-4C84-9F21-20742B3C17E9}.Release|Any CPU.ActiveCfg = Release|Any CPU
		{E0889C6E-35B4-4C84-9F21-20742B3C17E9}.Release|Any CPU.Build.0 = Release|Any CPU
		{CCABEC3A-5AC3-4E36-A2F0-07FA598E85E0}.Debug|Any CPU.ActiveCfg = Debug|Any CPU
		{CCABEC3A-5AC3-4E36-A2F0-07FA598E85E0}.Debug|Any CPU.Build.0 = Debug|Any CPU
		{CCABEC3A-5AC3-4E36-A2F0-07FA598E85E0}.Release|Any CPU.ActiveCfg = Release|Any CPU
		{CCABEC3A-5AC3-4E36-A2F0-07FA598E85E0}.Release|Any CPU.Build.0 = Release|Any CPU
		{07E37799-6FB7-4574-BEC3-9A54B4EFA519}.Debug|Any CPU.ActiveCfg = Debug|Any CPU
		{07E37799-6FB7-4574-BEC3-9A54B4EFA519}.Debug|Any CPU.Build.0 = Debug|Any CPU
		{07E37799-6FB7-4574-BEC3-9A54B4EFA519}.Release|Any CPU.ActiveCfg = Release|Any CPU
		{07E37799-6FB7-4574-BEC3-9A54B4EFA519}.Release|Any CPU.Build.0 = Release|Any CPU
		{6D819F68-01CF-4BEF-8BA8-31FED615C1E8}.Debug|Any CPU.ActiveCfg = Debug|Any CPU
		{6D819F68-01CF-4BEF-8BA8-31FED615C1E8}.Debug|Any CPU.Build.0 = Debug|Any CPU
		{6D819F68-01CF-4BEF-8BA8-31FED615C1E8}.Release|Any CPU.ActiveCfg = Release|Any CPU
		{6D819F68-01CF-4BEF-8BA8-31FED615C1E8}.Release|Any CPU.Build.0 = Release|Any CPU
		{99689C18-F65C-4623-B777-BF2DA41541B8}.Debug|Any CPU.ActiveCfg = Debug|Any CPU
		{99689C18-F65C-4623-B777-BF2DA41541B8}.Debug|Any CPU.Build.0 = Debug|Any CPU
		{99689C18-F65C-4623-B777-BF2DA41541B8}.Release|Any CPU.ActiveCfg = Release|Any CPU
		{99689C18-F65C-4623-B777-BF2DA41541B8}.Release|Any CPU.Build.0 = Release|Any CPU
		{AFD12CD2-BCE8-4B6D-88CC-50B35D040431}.Debug|Any CPU.ActiveCfg = Debug|Any CPU
		{AFD12CD2-BCE8-4B6D-88CC-50B35D040431}.Debug|Any CPU.Build.0 = Debug|Any CPU
		{AFD12CD2-BCE8-4B6D-88CC-50B35D040431}.Release|Any CPU.ActiveCfg = Release|Any CPU
		{AFD12CD2-BCE8-4B6D-88CC-50B35D040431}.Release|Any CPU.Build.0 = Release|Any CPU
		{3BD4BC8A-1321-4346-9170-D89021311C06}.Debug|Any CPU.ActiveCfg = Debug|Any CPU
		{3BD4BC8A-1321-4346-9170-D89021311C06}.Debug|Any CPU.Build.0 = Debug|Any CPU
		{3BD4BC8A-1321-4346-9170-D89021311C06}.Release|Any CPU.ActiveCfg = Release|Any CPU
		{3BD4BC8A-1321-4346-9170-D89021311C06}.Release|Any CPU.Build.0 = Release|Any CPU
		{C04A1361-B4F6-423B-9858-DE70268771A1}.Debug|Any CPU.ActiveCfg = Debug|Any CPU
		{C04A1361-B4F6-423B-9858-DE70268771A1}.Debug|Any CPU.Build.0 = Debug|Any CPU
		{C04A1361-B4F6-423B-9858-DE70268771A1}.Release|Any CPU.ActiveCfg = Release|Any CPU
		{C04A1361-B4F6-423B-9858-DE70268771A1}.Release|Any CPU.Build.0 = Release|Any CPU
		{70D531CB-D4CD-47C6-829F-217175216072}.Debug|Any CPU.ActiveCfg = Debug|Any CPU
		{70D531CB-D4CD-47C6-829F-217175216072}.Debug|Any CPU.Build.0 = Debug|Any CPU
		{70D531CB-D4CD-47C6-829F-217175216072}.Release|Any CPU.ActiveCfg = Release|Any CPU
		{70D531CB-D4CD-47C6-829F-217175216072}.Release|Any CPU.Build.0 = Release|Any CPU
		{D6528FA5-1B9B-4806-AEAE-DBFAB3EB7B49}.Debug|Any CPU.ActiveCfg = Debug|Any CPU
		{D6528FA5-1B9B-4806-AEAE-DBFAB3EB7B49}.Debug|Any CPU.Build.0 = Debug|Any CPU
		{D6528FA5-1B9B-4806-AEAE-DBFAB3EB7B49}.Release|Any CPU.ActiveCfg = Release|Any CPU
		{D6528FA5-1B9B-4806-AEAE-DBFAB3EB7B49}.Release|Any CPU.Build.0 = Release|Any CPU
	EndGlobalSection
	GlobalSection(SolutionProperties) = preSolution
		HideSolutionNode = FALSE
	EndGlobalSection
	GlobalSection(ExtensibilityGlobals) = postSolution
		SolutionGuid = {AB9581D7-FAF0-404D-908B-BA1DD8769074}
	EndGlobalSection
EndGlobal
