
Microsoft Visual Studio Solution File, Format Version 12.00
# Visual Studio Version 16
VisualStudioVersion = 16.0.31112.23
MinimumVisualStudioVersion = 10.0.40219.1
Project("{9A19103F-16F7-4668-BE54-9A1E7A4F7556}") = "TradingTools.Api", "src\TradingTools.Api\TradingTools.Api.csproj", "{E0889C6E-35B4-4C84-9F21-20742B3C17E9}"
EndProject
Project("{9A19103F-16F7-4668-BE54-9A1E7A4F7556}") = "TradingTools.MathLib", "src\TradingTools.Math\TradingTools.MathLib.csproj", "{CCABEC3A-5AC3-4E36-A2F0-07FA598E85E0}"
EndProject
Project("{FAE04EC0-301F-11D3-BF4B-00C04F79EFBC}") = "TradingTools.MathLibTests", "tests\TradingTools.MathLibTests\TradingTools.MathLibTests.csproj", "{07E37799-6FB7-4574-BEC3-9A54B4EFA519}"
EndProject
Global
	GlobalSection(SolutionConfigurationPlatforms) = preSolution
		Debug|Any CPU = Debug|Any CPU
		Release|Any CPU = Release|Any CPU
	EndGlobalSection
	GlobalSection(ProjectConfigurationPlatforms) = postSolution
		{E0889C6E-35B4-4C84-9F21-20742B3C17E9}.Debug|Any CPU.ActiveCfg = Debug|Any CPU
		{E0889C6E-35B4-4C84-9F21-20742B3C17E9}.Debug|Any CPU.Build.0 = Debug|Any CPU
		{E0889C6E-35B4-4C84-9F21-20742B3C17E9}.Release|Any CPU.ActiveCfg = Release|Any CPU
		{E0889C6E-35B4-4C84-9F21-20742B3C17E9}.Release|Any CPU.Build.0 = Release|Any CPU
		{CCABEC3A-5AC3-4E36-A2F0-07FA598E85E0}.Debug|Any CPU.ActiveCfg = Debug|Any CPU
		{CCABEC3A-5AC3-4E36-A2F0-07FA598E85E0}.Debug|Any CPU.Build.0 = Debug|Any CPU
		{CCABEC3A-5AC3-4E36-A2F0-07FA598E85E0}.Release|Any CPU.ActiveCfg = Release|Any CPU
		{CCABEC3A-5AC3-4E36-A2F0-07FA598E85E0}.Release|Any CPU.Build.0 = Release|Any CPU
		{07E37799-6FB7-4574-BEC3-9A54B4EFA519}.Debug|Any CPU.ActiveCfg = Debug|Any CPU
		{07E37799-6FB7-4574-BEC3-9A54B4EFA519}.Debug|Any CPU.Build.0 = Debug|Any CPU
		{07E37799-6FB7-4574-BEC3-9A54B4EFA519}.Release|Any CPU.ActiveCfg = Release|Any CPU
		{07E37799-6FB7-4574-BEC3-9A54B4EFA519}.Release|Any CPU.Build.0 = Release|Any CPU
	EndGlobalSection
	GlobalSection(SolutionProperties) = preSolution
		HideSolutionNode = FALSE
	EndGlobalSection
	GlobalSection(ExtensibilityGlobals) = postSolution
		SolutionGuid = {AB9581D7-FAF0-404D-908B-BA1DD8769074}
	EndGlobalSection
EndGlobal
